
Microsoft Visual Studio Solution File, Format Version 12.00
# Visual Studio Version 16
VisualStudioVersion = 16.0.30330.147
MinimumVisualStudioVersion = 10.0.40219.1
Project("{2150E333-8FDC-42A3-9474-1A3956D46DE8}") = "1.Libraries", "1.Libraries", "{14053973-9108-4957-A185-0AD805E7EBC2}"
EndProject
Project("{2150E333-8FDC-42A3-9474-1A3956D46DE8}") = "2.Persentation", "2.Persentation", "{9F4909FD-C2E1-4C5A-A267-C8E5C1576600}"
EndProject
Project("{FAE04EC0-301F-11D3-BF4B-00C04F79EFBC}") = "WebInstaller", "src\Persentation\WebInstaller\WebInstaller.csproj", "{4ABDD472-3B15-4D7E-B4D2-EBBAF0A8D07D}"
EndProject
Global
	GlobalSection(SolutionConfigurationPlatforms) = preSolution
		Debug|Any CPU = Debug|Any CPU
		Release|Any CPU = Release|Any CPU
	EndGlobalSection
	GlobalSection(ProjectConfigurationPlatforms) = postSolution
		{4ABDD472-3B15-4D7E-B4D2-EBBAF0A8D07D}.Debug|Any CPU.ActiveCfg = Debug|Any CPU
		{4ABDD472-3B15-4D7E-B4D2-EBBAF0A8D07D}.Debug|Any CPU.Build.0 = Debug|Any CPU
		{4ABDD472-3B15-4D7E-B4D2-EBBAF0A8D07D}.Release|Any CPU.ActiveCfg = Release|Any CPU
		{4ABDD472-3B15-4D7E-B4D2-EBBAF0A8D07D}.Release|Any CPU.Build.0 = Release|Any CPU
	EndGlobalSection
	GlobalSection(SolutionProperties) = preSolution
		HideSolutionNode = FALSE
	EndGlobalSection
	GlobalSection(NestedProjects) = preSolution
		{4ABDD472-3B15-4D7E-B4D2-EBBAF0A8D07D} = {9F4909FD-C2E1-4C5A-A267-C8E5C1576600}
	EndGlobalSection
	GlobalSection(ExtensibilityGlobals) = postSolution
		SolutionGuid = {5BBF6DC5-22B3-44FB-A886-2FD2CFB345E1}
	EndGlobalSection
EndGlobal
